
Microsoft Visual Studio Solution File, Format Version 12.00
# Visual Studio Version 17
VisualStudioVersion = 17.11.35219.272
MinimumVisualStudioVersion = 10.0.40219.1
Project("{FAE04EC0-301F-11D3-BF4B-00C04F79EFBC}") = "SampleProject", "SampleProject\SampleProject.csproj", "{E8E63D07-F970-4F85-8667-284E1846D33E}"
EndProject
Project("{2150E333-8FDC-42A3-9474-1A3956D46DE8}") = "Solution Items", "Solution Items", "{5575CFCE-1B14-4CDC-B6A4-4F5585D98073}"
	ProjectSection(SolutionItems) = preProject
		README.md = README.md
	EndProjectSection
EndProject
Global
	GlobalSection(SolutionConfigurationPlatforms) = preSolution
		Debug|Any CPU = Debug|Any CPU
		Release|Any CPU = Release|Any CPU
	EndGlobalSection
	GlobalSection(ProjectConfigurationPlatforms) = postSolution
		{E8E63D07-F970-4F85-8667-284E1846D33E}.Debug|Any CPU.ActiveCfg = Debug|Any CPU
		{E8E63D07-F970-4F85-8667-284E1846D33E}.Debug|Any CPU.Build.0 = Debug|Any CPU
		{E8E63D07-F970-4F85-8667-284E1846D33E}.Release|Any CPU.ActiveCfg = Release|Any CPU
		{E8E63D07-F970-4F85-8667-284E1846D33E}.Release|Any CPU.Build.0 = Release|Any CPU
	EndGlobalSection
	GlobalSection(SolutionProperties) = preSolution
		HideSolutionNode = FALSE
	EndGlobalSection
	GlobalSection(ExtensibilityGlobals) = postSolution
		SolutionGuid = {EA31BC8E-A301-4095-A237-0CDCEBC51C6D}
	EndGlobalSection
EndGlobal
